// !$*UTF8*$!
{
	archiveVersion = 1;
	classes = {
	};
	objectVersion = 46;
	objects = {

/* Begin PBXBuildFile section */
		526428B21EEA49A4005F7410 /* AppDelegate.swift in Sources */ = {isa = PBXBuildFile; fileRef = 526428B11EEA49A4005F7410 /* AppDelegate.swift */; };
		526428B41EEA49A4005F7410 /* ViewController.swift in Sources */ = {isa = PBXBuildFile; fileRef = 526428B31EEA49A4005F7410 /* ViewController.swift */; };
		526428B71EEA49A4005F7410 /* Main.storyboard in Resources */ = {isa = PBXBuildFile; fileRef = 526428B51EEA49A4005F7410 /* Main.storyboard */; };
		526428B91EEA49A4005F7410 /* Assets.xcassets in Resources */ = {isa = PBXBuildFile; fileRef = 526428B81EEA49A4005F7410 /* Assets.xcassets */; };
		526428BC1EEA49A4005F7410 /* LaunchScreen.storyboard in Resources */ = {isa = PBXBuildFile; fileRef = 526428BA1EEA49A4005F7410 /* LaunchScreen.storyboard */; };
		526428C51EEA4A08005F7410 /* SpriteKit.framework in Frameworks */ = {isa = PBXBuildFile; fileRef = 526428C41EEA4A08005F7410 /* SpriteKit.framework */; };
		526428C71EEA4BBE005F7410 /* GameScene.swift in Sources */ = {isa = PBXBuildFile; fileRef = 526428C61EEA4BBE005F7410 /* GameScene.swift */; };
/* End PBXBuildFile section */

/* Begin PBXFileReference section */
		526428AE1EEA49A4005F7410 /* FlappyBird.app */ = {isa = PBXFileReference; explicitFileType = wrapper.application; includeInIndex = 0; path = FlappyBird.app; sourceTree = BUILT_PRODUCTS_DIR; };
		526428B11EEA49A4005F7410 /* AppDelegate.swift */ = {isa = PBXFileReference; lastKnownFileType = sourcecode.swift; path = AppDelegate.swift; sourceTree = "<group>"; };
		526428B31EEA49A4005F7410 /* ViewController.swift */ = {isa = PBXFileReference; lastKnownFileType = sourcecode.swift; path = ViewController.swift; sourceTree = "<group>"; };
		526428B61EEA49A4005F7410 /* Base */ = {isa = PBXFileReference; lastKnownFileType = file.storyboard; name = Base; path = Base.lproj/Main.storyboard; sourceTree = "<group>"; };
		526428B81EEA49A4005F7410 /* Assets.xcassets */ = {isa = PBXFileReference; lastKnownFileType = folder.assetcatalog; path = Assets.xcassets; sourceTree = "<group>"; };
		526428BB1EEA49A4005F7410 /* Base */ = {isa = PBXFileReference; lastKnownFileType = file.storyboard; name = Base; path = Base.lproj/LaunchScreen.storyboard; sourceTree = "<group>"; };
		526428BD1EEA49A4005F7410 /* Info.plist */ = {isa = PBXFileReference; lastKnownFileType = text.plist.xml; path = Info.plist; sourceTree = "<group>"; };
		526428C41EEA4A08005F7410 /* SpriteKit.framework */ = {isa = PBXFileReference; lastKnownFileType = wrapper.framework; name = SpriteKit.framework; path = System/Library/Frameworks/SpriteKit.framework; sourceTree = SDKROOT; };
		526428C61EEA4BBE005F7410 /* GameScene.swift */ = {isa = PBXFileReference; fileEncoding = 4; lastKnownFileType = sourcecode.swift; path = GameScene.swift; sourceTree = "<group>"; };
/* End PBXFileReference section */

/* Begin PBXFrameworksBuildPhase section */
		526428AB1EEA49A4005F7410 /* Frameworks */ = {
			isa = PBXFrameworksBuildPhase;
			buildActionMask = 2147483647;
			files = (
				526428C51EEA4A08005F7410 /* SpriteKit.framework in Frameworks */,
			);
			runOnlyForDeploymentPostprocessing = 0;
		};
/* End PBXFrameworksBuildPhase section */

/* Begin PBXGroup section */
		526428A51EEA49A4005F7410 = {
			isa = PBXGroup;
			children = (
				526428B01EEA49A4005F7410 /* FlappyBird */,
				526428AF1EEA49A4005F7410 /* Products */,
				526428C31EEA4A07005F7410 /* Frameworks */,
			);
			sourceTree = "<group>";
		};
		526428AF1EEA49A4005F7410 /* Products */ = {
			isa = PBXGroup;
			children = (
				526428AE1EEA49A4005F7410 /* FlappyBird.app */,
			);
			name = Products;
			sourceTree = "<group>";
		};
		526428B01EEA49A4005F7410 /* FlappyBird */ = {
			isa = PBXGroup;
			children = (
				526428B11EEA49A4005F7410 /* AppDelegate.swift */,
				526428B31EEA49A4005F7410 /* ViewController.swift */,
				526428B51EEA49A4005F7410 /* Main.storyboard */,
				526428C61EEA4BBE005F7410 /* GameScene.swift */,
				526428B81EEA49A4005F7410 /* Assets.xcassets */,
				526428BA1EEA49A4005F7410 /* LaunchScreen.storyboard */,
				526428BD1EEA49A4005F7410 /* Info.plist */,
			);
			path = FlappyBird;
			sourceTree = "<group>";
		};
		526428C31EEA4A07005F7410 /* Frameworks */ = {
			isa = PBXGroup;
			children = (
				526428C41EEA4A08005F7410 /* SpriteKit.framework */,
			);
			name = Frameworks;
			sourceTree = "<group>";
		};
/* End PBXGroup section */

/* Begin PBXNativeTarget section */
		526428AD1EEA49A4005F7410 /* FlappyBird */ = {
			isa = PBXNativeTarget;
			buildConfigurationList = 526428C01EEA49A4005F7410 /* Build configuration list for PBXNativeTarget "FlappyBird" */;
			buildPhases = (
				526428AA1EEA49A4005F7410 /* Sources */,
				526428AB1EEA49A4005F7410 /* Frameworks */,
				526428AC1EEA49A4005F7410 /* Resources */,
			);
			buildRules = (
			);
			dependencies = (
			);
			name = FlappyBird;
			productName = FlappyBird;
			productReference = 526428AE1EEA49A4005F7410 /* FlappyBird.app */;
			productType = "com.apple.product-type.application";
		};
/* End PBXNativeTarget section */

/* Begin PBXProject section */
		526428A61EEA49A4005F7410 /* Project object */ = {
			isa = PBXProject;
			attributes = {
				LastSwiftUpdateCheck = 0830;
				LastUpgradeCheck = 0830;
				ORGANIZATIONNAME = taichi.komoto;
				TargetAttributes = {
					526428AD1EEA49A4005F7410 = {
						CreatedOnToolsVersion = 8.3.2;
						ProvisioningStyle = Automatic;
					};
				};
			};
			buildConfigurationList = 526428A91EEA49A4005F7410 /* Build configuration list for PBXProject "FlappyBird" */;
			compatibilityVersion = "Xcode 3.2";
			developmentRegion = English;
			hasScannedForEncodings = 0;
			knownRegions = (
				en,
				Base,
			);
			mainGroup = 526428A51EEA49A4005F7410;
			productRefGroup = 526428AF1EEA49A4005F7410 /* Products */;
			projectDirPath = "";
			projectRoot = "";
			targets = (
				526428AD1EEA49A4005F7410 /* FlappyBird */,
			);
		};
/* End PBXProject section */

/* Begin PBXResourcesBuildPhase section */
		526428AC1EEA49A4005F7410 /* Resources */ = {
			isa = PBXResourcesBuildPhase;
			buildActionMask = 2147483647;
			files = (
				526428BC1EEA49A4005F7410 /* LaunchScreen.storyboard in Resources */,
				526428B91EEA49A4005F7410 /* Assets.xcassets in Resources */,
				526428B71EEA49A4005F7410 /* Main.storyboard in Resources */,
			);
			runOnlyForDeploymentPostprocessing = 0;
		};
/* End PBXResourcesBuildPhase section */

/* Begin PBXSourcesBuildPhase section */
		526428AA1EEA49A4005F7410 /* Sources */ = {
			isa = PBXSourcesBuildPhase;
			buildActionMask = 2147483647;
			files = (
				526428C71EEA4BBE005F7410 /* GameScene.swift in Sources */,
				526428B41EEA49A4005F7410 /* ViewController.swift in Sources */,
				526428B21EEA49A4005F7410 /* AppDelegate.swift in Sources */,
			);
			runOnlyForDeploymentPostprocessing = 0;
		};
/* End PBXSourcesBuildPhase section */

/* Begin PBXVariantGroup section */
		526428B51EEA49A4005F7410 /* Main.storyboard */ = {
			isa = PBXVariantGroup;
			children = (
				526428B61EEA49A4005F7410 /* Base */,
			);
			name = Main.storyboard;
			sourceTree = "<group>";
		};
		526428BA1EEA49A4005F7410 /* LaunchScreen.storyboard */ = {
			isa = PBXVariantGroup;
			children = (
				526428BB1EEA49A4005F7410 /* Base */,
			);
			name = LaunchScreen.storyboard;
			sourceTree = "<group>";
		};
/* End PBXVariantGroup section */

/* Begin XCBuildConfiguration section */
		526428BE1EEA49A4005F7410 /* Debug */ = {
			isa = XCBuildConfiguration;
			buildSettings = {
				ALWAYS_SEARCH_USER_PATHS = NO;
				CLANG_ANALYZER_NONNULL = YES;
				CLANG_ANALYZER_NUMBER_OBJECT_CONVERSION = YES_AGGRESSIVE;
				CLANG_CXX_LANGUAGE_STANDARD = "gnu++0x";
				CLANG_CXX_LIBRARY = "libc++";
				CLANG_ENABLE_MODULES = YES;
				CLANG_ENABLE_OBJC_ARC = YES;
				CLANG_WARN_BOOL_CONVERSION = YES;
				CLANG_WARN_CONSTANT_CONVERSION = YES;
				CLANG_WARN_DIRECT_OBJC_ISA_USAGE = YES_ERROR;
				CLANG_WARN_DOCUMENTATION_COMMENTS = YES;
				CLANG_WARN_EMPTY_BODY = YES;
				CLANG_WARN_ENUM_CONVERSION = YES;
				CLANG_WARN_INFINITE_RECURSION = YES;
				CLANG_WARN_INT_CONVERSION = YES;
				CLANG_WARN_OBJC_ROOT_CLASS = YES_ERROR;
				CLANG_WARN_SUSPICIOUS_MOVE = YES;
				CLANG_WARN_UNREACHABLE_CODE = YES;
				CLANG_WARN__DUPLICATE_METHOD_MATCH = YES;
				"CODE_SIGN_IDENTITY[sdk=iphoneos*]" = "iPhone Developer";
				COPY_PHASE_STRIP = NO;
				DEBUG_INFORMATION_FORMAT = dwarf;
				ENABLE_STRICT_OBJC_MSGSEND = YES;
				ENABLE_TESTABILITY = YES;
				GCC_C_LANGUAGE_STANDARD = gnu99;
				GCC_DYNAMIC_NO_PIC = NO;
				GCC_NO_COMMON_BLOCKS = YES;
				GCC_OPTIMIZATION_LEVEL = 0;
				GCC_PREPROCESSOR_DEFINITIONS = (
					"DEBUG=1",
					"$(inherited)",
				);
				GCC_WARN_64_TO_32_BIT_CONVERSION = YES;
				GCC_WARN_ABOUT_RETURN_TYPE = YES_ERROR;
				GCC_WARN_UNDECLARED_SELECTOR = YES;
				GCC_WARN_UNINITIALIZED_AUTOS = YES_AGGRESSIVE;
				GCC_WARN_UNUSED_FUNCTION = YES;
				GCC_WARN_UNUSED_VARIABLE = YES;
				IPHONEOS_DEPLOYMENT_TARGET = 10.3;
				MTL_ENABLE_DEBUG_INFO = YES;
				ONLY_ACTIVE_ARCH = YES;
				SDKROOT = iphoneos;
				SWIFT_ACTIVE_COMPILATION_CONDITIONS = DEBUG;
				SWIFT_OPTIMIZATION_LEVEL = "-Onone";
			};
			name = Debug;
		};
		526428BF1EEA49A4005F7410 /* Release */ = {
			isa = XCBuildConfiguration;
			buildSettings = {
				ALWAYS_SEARCH_USER_PATHS = NO;
				CLANG_ANALYZER_NONNULL = YES;
				CLANG_ANALYZER_NUMBER_OBJECT_CONVERSION = YES_AGGRESSIVE;
				CLANG_CXX_LANGUAGE_STANDARD = "gnu++0x";
				CLANG_CXX_LIBRARY = "libc++";
				CLANG_ENABLE_MODULES = YES;
				CLANG_ENABLE_OBJC_ARC = YES;
				CLANG_WARN_BOOL_CONVERSION = YES;
				CLANG_WARN_CONSTANT_CONVERSION = YES;
				CLANG_WARN_DIRECT_OBJC_ISA_USAGE = YES_ERROR;
				CLANG_WARN_DOCUMENTATION_COMMENTS = YES;
				CLANG_WARN_EMPTY_BODY = YES;
				CLANG_WARN_ENUM_CONVERSION = YES;
				CLANG_WARN_INFINITE_RECURSION = YES;
				CLANG_WARN_INT_CONVERSION = YES;
				CLANG_WARN_OBJC_ROOT_CLASS = YES_ERROR;
				CLANG_WARN_SUSPICIOUS_MOVE = YES;
				CLANG_WARN_UNREACHABLE_CODE = YES;
				CLANG_WARN__DUPLICATE_METHOD_MATCH = YES;
				"CODE_SIGN_IDENTITY[sdk=iphoneos*]" = "iPhone Developer";
				COPY_PHASE_STRIP = NO;
				DEBUG_INFORMATION_FORMAT = "dwarf-with-dsym";
				ENABLE_NS_ASSERTIONS = NO;
				ENABLE_STRICT_OBJC_MSGSEND = YES;
				GCC_C_LANGUAGE_STANDARD = gnu99;
				GCC_NO_COMMON_BLOCKS = YES;
				GCC_WARN_64_TO_32_BIT_CONVERSION = YES;
				GCC_WARN_ABOUT_RETURN_TYPE = YES_ERROR;
				GCC_WARN_UNDECLARED_SELECTOR = YES;
				GCC_WARN_UNINITIALIZED_AUTOS = YES_AGGRESSIVE;
				GCC_WARN_UNUSED_FUNCTION = YES;
				GCC_WARN_UNUSED_VARIABLE = YES;
				IPHONEOS_DEPLOYMENT_TARGET = 10.3;
				MTL_ENABLE_DEBUG_INFO = NO;
				SDKROOT = iphoneos;
				SWIFT_OPTIMIZATION_LEVEL = "-Owholemodule";
				VALIDATE_PRODUCT = YES;
			};
			name = Release;
		};
		526428C11EEA49A4005F7410 /* Debug */ = {
			isa = XCBuildConfiguration;
			buildSettings = {
				ASSETCATALOG_COMPILER_APPICON_NAME = AppIcon;
				INFOPLIST_FILE = FlappyBird/Info.plist;
				LD_RUNPATH_SEARCH_PATHS = "$(inherited) @executable_path/Frameworks";
				PRODUCT_BUNDLE_IDENTIFIER = jp.techacademy.taichi.komoto.FlappyBird;
				PRODUCT_NAME = "$(TARGET_NAME)";
				SWIFT_VERSION = 3.0;
			};
			name = Debug;
		};
		526428C21EEA49A4005F7410 /* Release */ = {
			isa = XCBuildConfiguration;
			buildSettings = {
				ASSETCATALOG_COMPILER_APPICON_NAME = AppIcon;
				INFOPLIST_FILE = FlappyBird/Info.plist;
				LD_RUNPATH_SEARCH_PATHS = "$(inherited) @executable_path/Frameworks";
				PRODUCT_BUNDLE_IDENTIFIER = jp.techacademy.taichi.komoto.FlappyBird;
				PRODUCT_NAME = "$(TARGET_NAME)";
				SWIFT_VERSION = 3.0;
			};
			name = Release;
		};
/* End XCBuildConfiguration section */

/* Begin XCConfigurationList section */
		526428A91EEA49A4005F7410 /* Build configuration list for PBXProject "FlappyBird" */ = {
			isa = XCConfigurationList;
			buildConfigurations = (
				526428BE1EEA49A4005F7410 /* Debug */,
				526428BF1EEA49A4005F7410 /* Release */,
			);
			defaultConfigurationIsVisible = 0;
			defaultConfigurationName = Release;
		};
		526428C01EEA49A4005F7410 /* Build configuration list for PBXNativeTarget "FlappyBird" */ = {
			isa = XCConfigurationList;
			buildConfigurations = (
				526428C11EEA49A4005F7410 /* Debug */,
				526428C21EEA49A4005F7410 /* Release */,
			);
			defaultConfigurationIsVisible = 0;
		};
/* End XCConfigurationList section */
	};
	rootObject = 526428A61EEA49A4005F7410 /* Project object */;
}
